{
  "name": "vuepress-test",
  "version": "1.0.0",
  "lockfileVersion": 1,
  "requires": true,
  "dependencies": {
    "@braintree/sanitize-url": {
      "version": "3.1.0",
      "resolved": "https://registry.nlark.com/@braintree/sanitize-url/download/@braintree/sanitize-url-3.1.0.tgz",
      "integrity": "sha1-j/cdUQU81e5JgeWlAdgKU2JE9/0=",
      "dev": true
    },
    "@mbalex99/markdown-it-fence": {
      "version": "1.0.1",
      "resolved": "https://registry.npmmirror.com/@mbalex99/markdown-it-fence/download/@mbalex99/markdown-it-fence-1.0.1.tgz",
      "integrity": "sha1-nSwZq2NadHhrLlXpuKlICmrP4HM=",
      "dev": true
    },
    "commander": {
      "version": "2.17.1",
      "resolved": "https://registry.npmjs.org/commander/-/commander-2.17.1.tgz",
      "integrity": "sha512-wPMUt6FnH2yzG95SA6mzjQOEKUU3aLaDEmzs1ti+1E9h+CsrZghRlqEM/EJ4KscsQVG8uNN4uVreUeT8+drlgg==",
      "dev": true
    },
    "d3": {
      "version": "7.3.0",
      "resolved": "https://registry.npmmirror.com/d3/download/d3-7.3.0.tgz",
      "integrity": "sha512-MDRLJCMK232OJQRqGljQ/gCxtB8k3/sLKFjftMjzPB3nKVUODpdW9Rb3vcq7U8Ka5YKoZkAmp++Ur6I+6iNWIw==",
      "dev": true,
      "requires": {
        "d3-array": "3",
        "d3-axis": "3",
        "d3-brush": "3",
        "d3-chord": "3",
        "d3-color": "3",
        "d3-contour": "3",
        "d3-delaunay": "6",
        "d3-dispatch": "3",
        "d3-drag": "3",
        "d3-dsv": "3",
        "d3-ease": "3",
        "d3-fetch": "3",
        "d3-force": "3",
        "d3-format": "3",
        "d3-geo": "3",
        "d3-hierarchy": "3",
        "d3-interpolate": "3",
        "d3-path": "3",
        "d3-polygon": "3",
        "d3-quadtree": "3",
        "d3-random": "3",
        "d3-scale": "4",
        "d3-scale-chromatic": "3",
        "d3-selection": "3",
        "d3-shape": "3",
        "d3-time": "3",
        "d3-time-format": "4",
        "d3-timer": "3",
        "d3-transition": "3",
        "d3-zoom": "3"
      }
    },
    "d3-array": {
      "version": "3.1.1",
      "resolved": "https://registry.npmmirror.com/d3-array/download/d3-array-3.1.1.tgz?cache=0&sync_timestamp=1633231729066&other_urls=https%3A%2F%2Fregistry.npmmirror.com%2Fd3-array%2Fdownload%2Fd3-array-3.1.1.tgz",
      "integrity": "sha1-d5frU+rWuQg8daRaaB6T/EG8Row=",
      "dev": true,
      "requires": {
        "internmap": "1 - 2"
      }
    },
    "d3-axis": {
      "version": "3.0.0",
      "resolved": "https://registry.nlark.com/d3-axis/download/d3-axis-3.0.0.tgz?cache=0&sync_timestamp=1623210431756&other_urls=https%3A%2F%2Fregistry.nlark.com%2Fd3-axis%2Fdownload%2Fd3-axis-3.0.0.tgz",
      "integrity": "sha1-xCpKE+gTHWN7dF/Clzgkz+r5MyI=",
      "dev": true
    },
    "d3-brush": {
      "version": "3.0.0",
      "resolved": "https://registry.nlark.com/d3-brush/download/d3-brush-3.0.0.tgz",
      "integrity": "sha1-b3Z8Ttjct53n7ePhwPieY+9k0xw=",
      "dev": true,
      "requires": {
        "d3-dispatch": "1 - 3",
        "d3-drag": "2 - 3",
        "d3-interpolate": "1 - 3",
        "d3-selection": "3",
        "d3-transition": "3"
      }
    },
    "d3-chord": {
      "version": "3.0.1",
      "resolved": "https://registry.nlark.com/d3-chord/download/d3-chord-3.0.1.tgz",
      "integrity": "sha1-0VbWH0hfzoMn5qvzOctB2Mu6aWY=",
      "dev": true,
      "requires": {
        "d3-path": "1 - 3"
      }
    },
    "d3-collection": {
      "version": "1.0.7",
      "resolved": "https://registry.npm.taobao.org/d3-collection/download/d3-collection-1.0.7.tgz",
      "integrity": "sha1-NJvSqpl32wcQkcExRNXk8WtbMQ4=",
      "dev": true
    },
    "d3-color": {
      "version": "3.0.1",
      "resolved": "https://registry.nlark.com/d3-color/download/d3-color-3.0.1.tgz?cache=0&sync_timestamp=1622917792948&other_urls=https%3A%2F%2Fregistry.nlark.com%2Fd3-color%2Fdownload%2Fd3-color-3.0.1.tgz",
      "integrity": "sha1-AzFuWVlV0fzTnZ82EK1Bu5AZTQo=",
      "dev": true
    },
    "d3-contour": {
      "version": "3.0.1",
      "resolved": "https://registry.nlark.com/d3-contour/download/d3-contour-3.0.1.tgz",
      "integrity": "sha1-LGQlXUMFlZnNDbqP5Mw9Uczdm70=",
      "dev": true,
      "requires": {
        "d3-array": "2 - 3"
      }
    },
    "d3-delaunay": {
      "version": "6.0.2",
      "resolved": "https://registry.nlark.com/d3-delaunay/download/d3-delaunay-6.0.2.tgz",
      "integrity": "sha1-f9NxetDq3i/Jk59CYKz7UD+YTpI=",
      "dev": true,
      "requires": {
        "delaunator": "5"
      }
    },
    "d3-dispatch": {
      "version": "3.0.1",
      "resolved": "https://registry.nlark.com/d3-dispatch/download/d3-dispatch-3.0.1.tgz",
      "integrity": "sha1-X8dShOnCN1w2yDlBGgz1UMv8TV4=",
      "dev": true
    },
    "d3-drag": {
      "version": "3.0.0",
      "resolved": "https://registry.nlark.com/d3-drag/download/d3-drag-3.0.0.tgz?cache=0&sync_timestamp=1623254493007&other_urls=https%3A%2F%2Fregistry.nlark.com%2Fd3-drag%2Fdownload%2Fd3-drag-3.0.0.tgz",
      "integrity": "sha1-mUqunNI8cZ9TteEOOgphCMaWB7o=",
      "dev": true,
      "requires": {
        "d3-dispatch": "1 - 3",
        "d3-selection": "3"
      }
    },
    "d3-dsv": {
      "version": "3.0.1",
      "resolved": "https://registry.nlark.com/d3-dsv/download/d3-dsv-3.0.1.tgz?cache=0&sync_timestamp=1622918432430&other_urls=https%3A%2F%2Fregistry.nlark.com%2Fd3-dsv%2Fdownload%2Fd3-dsv-3.0.1.tgz",
      "integrity": "sha1-xjr5ePTWoNCEpSpnOSK+IWB4m3M=",
      "dev": true,
      "requires": {
        "commander": "7",
        "iconv-lite": "0.6",
        "rw": "1"
      },
      "dependencies": {
        "commander": {
          "version": "7.2.0",
          "resolved": "https://registry.npmmirror.com/commander/download/commander-7.2.0.tgz",
          "integrity": "sha512-QrWXB+ZQSVPmIWIhtEO9H+gwHaMGYiF5ChvoJ+K9ZGHG/sVsa6yiesAD1GC/x46sET00Xlwo1u49RVVVzvcSkw==",
          "dev": true
        },
        "iconv-lite": {
          "version": "0.6.3",
          "resolved": "https://registry.nlark.com/iconv-lite/download/iconv-lite-0.6.3.tgz?cache=0&other_urls=https%3A%2F%2Fregistry.nlark.com%2Ficonv-lite%2Fdownload%2Ficonv-lite-0.6.3.tgz",
          "integrity": "sha1-pS+AvzjaGVLrXGgXkHGYcaGnJQE=",
          "dev": true,
          "requires": {
            "safer-buffer": ">= 2.1.2 < 3.0.0"
          }
        }
      }
    },
    "d3-ease": {
      "version": "3.0.1",
      "resolved": "https://registry.nlark.com/d3-ease/download/d3-ease-3.0.1.tgz",
      "integrity": "sha1-llisOKIUDVnTRhYPH2ww/aC9EvQ=",
      "dev": true
    },
    "d3-fetch": {
      "version": "3.0.1",
      "resolved": "https://registry.nlark.com/d3-fetch/download/d3-fetch-3.0.1.tgz",
      "integrity": "sha1-gxQb/5hWoO21443onNz+Y9CmCiI=",
      "dev": true,
      "requires": {
        "d3-dsv": "1 - 3"
      }
    },
    "d3-force": {
      "version": "3.0.0",
      "resolved": "https://registry.nlark.com/d3-force/download/d3-force-3.0.0.tgz",
      "integrity": "sha1-Piuhph5wiI/j2RlOMNbRTuzhVcQ=",
      "dev": true,
      "requires": {
        "d3-dispatch": "1 - 3",
        "d3-quadtree": "1 - 3",
        "d3-timer": "1 - 3"
      }
    },
    "d3-format": {
      "version": "3.1.0",
      "resolved": "https://registry.npmmirror.com/d3-format/download/d3-format-3.1.0.tgz",
      "integrity": "sha512-YyUI6AEuY/Wpt8KWLgZHsIU86atmikuoOmCfommt0LYHiQSPjvX2AcFc38PX0CBpr2RCyZhjex+NS/LPOv6YqA==",
      "dev": true
    },
    "d3-geo": {
      "version": "3.0.1",
      "resolved": "https://registry.nlark.com/d3-geo/download/d3-geo-3.0.1.tgz",
      "integrity": "sha1-T5I2L9hoXZPjsfrg/ZfciYCx7X4=",
      "dev": true,
      "requires": {
        "d3-array": "2.5.0 - 3"
      }
    },
    "d3-hierarchy": {
      "version": "3.1.1",
      "resolved": "https://registry.npmmirror.com/d3-hierarchy/download/d3-hierarchy-3.1.1.tgz",
      "integrity": "sha512-LtAIu54UctRmhGKllleflmHalttH3zkfSi4NlKrTAoFKjC+AFBJohsCAdgCBYQwH0F8hIOGY89X1pPqAchlMkA==",
      "dev": true
    },
    "d3-interpolate": {
      "version": "3.0.1",
      "resolved": "https://registry.nlark.com/d3-interpolate/download/d3-interpolate-3.0.1.tgz?cache=0&sync_timestamp=1622918433472&other_urls=https%3A%2F%2Fregistry.nlark.com%2Fd3-interpolate%2Fdownload%2Fd3-interpolate-3.0.1.tgz",
      "integrity": "sha1-PEeqWzLFs9+1bvP9Q0IHimMrQA0=",
      "dev": true,
      "requires": {
        "d3-color": "1 - 3"
      }
    },
    "d3-path": {
      "version": "3.0.1",
      "resolved": "https://registry.nlark.com/d3-path/download/d3-path-3.0.1.tgz?cache=0&sync_timestamp=1622917793236&other_urls=https%3A%2F%2Fregistry.nlark.com%2Fd3-path%2Fdownload%2Fd3-path-3.0.1.tgz",
      "integrity": "sha1-8J3sCq/9dwt5lfGjmRUr+TBSMh4=",
      "dev": true
    },
    "d3-polygon": {
      "version": "3.0.1",
      "resolved": "https://registry.nlark.com/d3-polygon/download/d3-polygon-3.0.1.tgz",
      "integrity": "sha1-C0XT3RxIopyOBX5hNWk+yAvxY5g=",
      "dev": true
    },
    "d3-quadtree": {
      "version": "3.0.1",
      "resolved": "https://registry.nlark.com/d3-quadtree/download/d3-quadtree-3.0.1.tgz",
      "integrity": "sha1-bco+i+Kzk8mp1RTau9gKkt7vGk8=",
      "dev": true
    },
    "d3-random": {
      "version": "3.0.1",
      "resolved": "https://registry.nlark.com/d3-random/download/d3-random-3.0.1.tgz",
      "integrity": "sha1-1JJjeNMz2cC/0eb6AZTTCuuqIPQ=",
      "dev": true
    },
    "d3-scale": {
      "version": "4.0.2",
      "resolved": "https://registry.npmmirror.com/d3-scale/download/d3-scale-4.0.2.tgz",
      "integrity": "sha1-grOOjo/3CAdk+Nzsd71L45Nok5Y=",
      "dev": true,
      "requires": {
        "d3-array": "2.10.0 - 3",
        "d3-format": "1 - 3",
        "d3-interpolate": "1.2.0 - 3",
        "d3-time": "2.1.1 - 3",
        "d3-time-format": "2 - 4"
      }
    },
    "d3-scale-chromatic": {
      "version": "3.0.0",
      "resolved": "https://registry.nlark.com/d3-scale-chromatic/download/d3-scale-chromatic-3.0.0.tgz",
      "integrity": "sha1-FbTOuMorsNy20aZB7gPVnDtiN2o=",
      "dev": true,
      "requires": {
        "d3-color": "1 - 3",
        "d3-interpolate": "1 - 3"
      }
    },
    "d3-selection": {
      "version": "3.0.0",
      "resolved": "https://registry.nlark.com/d3-selection/download/d3-selection-3.0.0.tgz",
      "integrity": "sha1-wlM4IH76csxbm9FFihpBkB8eGzE=",
      "dev": true
    },
    "d3-shape": {
      "version": "3.1.0",
      "resolved": "https://registry.npmmirror.com/d3-shape/download/d3-shape-3.1.0.tgz",
      "integrity": "sha512-tGDh1Muf8kWjEDT/LswZJ8WF85yDZLvVJpYU9Nq+8+yW1Z5enxrmXOhTArlkaElU+CTn0OTVNli+/i+HP45QEQ==",
      "dev": true,
      "requires": {
        "d3-path": "1 - 3"
      }
    },
    "d3-time": {
      "version": "3.0.0",
      "resolved": "https://registry.nlark.com/d3-time/download/d3-time-3.0.0.tgz",
      "integrity": "sha1-ZZcsuYri1JVO9cky6HBAYTNdSXU=",
      "dev": true,
      "requires": {
        "d3-array": "2 - 3"
      }
    },
    "d3-time-format": {
      "version": "4.1.0",
      "resolved": "https://registry.npmmirror.com/d3-time-format/download/d3-time-format-4.1.0.tgz",
      "integrity": "sha512-dJxPBlzC7NugB2PDLwo9Q8JiTR3M3e4/XANkreKSUxF8vvXKqm1Yfq4Q5dl8budlunRVlUUaDUgFt7eA8D6NLg==",
      "dev": true,
      "requires": {
        "d3-time": "1 - 3"
      }
    },
    "d3-timer": {
      "version": "3.0.1",
      "resolved": "https://registry.nlark.com/d3-timer/download/d3-timer-3.0.1.tgz",
      "integrity": "sha1-YoTSonCChbGrt+IB7aQ4CvNeY7A=",
      "dev": true
    },
    "d3-transition": {
      "version": "3.0.1",
      "resolved": "https://registry.nlark.com/d3-transition/download/d3-transition-3.0.1.tgz",
      "integrity": "sha1-aGn93hRIhoB3/dWYkgDLYbKhZF8=",
      "dev": true,
      "requires": {
        "d3-color": "1 - 3",
        "d3-dispatch": "1 - 3",
        "d3-ease": "1 - 3",
        "d3-interpolate": "1 - 3",
        "d3-timer": "1 - 3"
      }
    },
    "d3-voronoi": {
      "version": "1.1.4",
      "resolved": "https://registry.npm.taobao.org/d3-voronoi/download/d3-voronoi-1.1.4.tgz",
      "integrity": "sha1-3Tx412U9K7NZKErkeGRdlZRMgpc=",
      "dev": true
    },
    "d3-zoom": {
      "version": "3.0.0",
      "resolved": "https://registry.nlark.com/d3-zoom/download/d3-zoom-3.0.0.tgz",
      "integrity": "sha1-0T9BZccyF//qpUKVzWlps+eu6PM=",
      "dev": true,
      "requires": {
        "d3-dispatch": "1 - 3",
        "d3-drag": "2 - 3",
        "d3-interpolate": "1 - 3",
        "d3-selection": "2 - 3",
        "d3-transition": "2 - 3"
      }
    },
    "dagre": {
      "version": "0.8.5",
      "resolved": "https://registry.npm.taobao.org/dagre/download/dagre-0.8.5.tgz",
      "integrity": "sha1-ujCwBV2sErbB/MJHgXRCd30Gr+4=",
      "dev": true,
      "requires": {
        "graphlib": "^2.1.8",
        "lodash": "^4.17.15"
      }
    },
    "dagre-d3": {
      "version": "0.6.4",
      "resolved": "https://registry.npm.taobao.org/dagre-d3/download/dagre-d3-0.6.4.tgz",
      "integrity": "sha1-ByjVzn8XfKIzffFBzrYPvm7reyk=",
      "dev": true,
      "requires": {
        "d3": "^5.14",
        "dagre": "^0.8.5",
        "graphlib": "^2.1.8",
        "lodash": "^4.17.15"
      },
      "dependencies": {
        "d3": {
          "version": "5.16.0",
          "resolved": "https://registry.npmmirror.com/d3/download/d3-5.16.0.tgz",
          "integrity": "sha512-4PL5hHaHwX4m7Zr1UapXW23apo6pexCgdetdJ5kTmADpG/7T9Gkxw0M0tf/pjoB63ezCCm0u5UaFYy2aMt0Mcw==",
          "dev": true,
          "requires": {
            "d3-array": "1",
            "d3-axis": "1",
            "d3-brush": "1",
            "d3-chord": "1",
            "d3-collection": "1",
            "d3-color": "1",
            "d3-contour": "1",
            "d3-dispatch": "1",
            "d3-drag": "1",
            "d3-dsv": "1",
            "d3-ease": "1",
            "d3-fetch": "1",
            "d3-force": "1",
            "d3-format": "1",
            "d3-geo": "1",
            "d3-hierarchy": "1",
            "d3-interpolate": "1",
            "d3-path": "1",
            "d3-polygon": "1",
            "d3-quadtree": "1",
            "d3-random": "1",
            "d3-scale": "2",
            "d3-scale-chromatic": "1",
            "d3-selection": "1",
            "d3-shape": "1",
            "d3-time": "1",
            "d3-time-format": "2",
            "d3-timer": "1",
            "d3-transition": "1",
            "d3-voronoi": "1",
            "d3-zoom": "1"
          }
        },
        "d3-array": {
          "version": "1.2.4",
          "resolved": "https://registry.npmmirror.com/d3-array/download/d3-array-1.2.4.tgz?cache=0&sync_timestamp=1633231729066&other_urls=https%3A%2F%2Fregistry.npmmirror.com%2Fd3-array%2Fdownload%2Fd3-array-1.2.4.tgz",
          "integrity": "sha1-Y1zk1e6nWfb2BYY9vPww7cc39x8=",
          "dev": true
        },
        "d3-axis": {
          "version": "1.0.12",
          "resolved": "https://registry.nlark.com/d3-axis/download/d3-axis-1.0.12.tgz?cache=0&sync_timestamp=1623210431756&other_urls=https%3A%2F%2Fregistry.nlark.com%2Fd3-axis%2Fdownload%2Fd3-axis-1.0.12.tgz",
          "integrity": "sha1-zfILohDPu0N5WvM3Vohvs2ONqsk=",
          "dev": true
        },
        "d3-brush": {
          "version": "1.1.6",
          "resolved": "https://registry.nlark.com/d3-brush/download/d3-brush-1.1.6.tgz",
          "integrity": "sha1-sKIsc3LKvsEovd35vdwFhZL4nps=",
          "dev": true,
          "requires": {
            "d3-dispatch": "1",
            "d3-drag": "1",
            "d3-interpolate": "1",
            "d3-selection": "1",
            "d3-transition": "1"
          }
        },
        "d3-chord": {
          "version": "1.0.6",
          "resolved": "https://registry.nlark.com/d3-chord/download/d3-chord-1.0.6.tgz",
          "integrity": "sha1-MJFX4/LbLHUvAoD+3TXyBnzLsV8=",
          "dev": true,
          "requires": {
            "d3-array": "1",
            "d3-path": "1"
          }
        },
        "d3-color": {
          "version": "1.4.1",
          "resolved": "https://registry.nlark.com/d3-color/download/d3-color-1.4.1.tgz?cache=0&sync_timestamp=1622917792948&other_urls=https%3A%2F%2Fregistry.nlark.com%2Fd3-color%2Fdownload%2Fd3-color-1.4.1.tgz",
          "integrity": "sha1-xSACv4hGraRCTVXZeYL+8m6zvIo=",
          "dev": true
        },
        "d3-contour": {
          "version": "1.3.2",
          "resolved": "https://registry.nlark.com/d3-contour/download/d3-contour-1.3.2.tgz",
          "integrity": "sha1-ZSqs1QDSJkyzQjzuENtp9vWb6tM=",
          "dev": true,
          "requires": {
            "d3-array": "^1.1.1"
          }
        },
        "d3-dispatch": {
          "version": "1.0.6",
          "resolved": "https://registry.nlark.com/d3-dispatch/download/d3-dispatch-1.0.6.tgz",
          "integrity": "sha1-ANN7zuTdjNl3Kd2JOgrCnKq6XVg=",
          "dev": true
        },
        "d3-drag": {
          "version": "1.2.5",
          "resolved": "https://registry.nlark.com/d3-drag/download/d3-drag-1.2.5.tgz?cache=0&sync_timestamp=1623254493007&other_urls=https%3A%2F%2Fregistry.nlark.com%2Fd3-drag%2Fdownload%2Fd3-drag-1.2.5.tgz",
          "integrity": "sha1-JTf0UazTnTFAZne33HfIL32Yj3A=",
          "dev": true,
          "requires": {
            "d3-dispatch": "1",
            "d3-selection": "1"
          }
        },
        "d3-dsv": {
          "version": "1.2.0",
          "resolved": "https://registry.nlark.com/d3-dsv/download/d3-dsv-1.2.0.tgz?cache=0&sync_timestamp=1622918432430&other_urls=https%3A%2F%2Fregistry.nlark.com%2Fd3-dsv%2Fdownload%2Fd3-dsv-1.2.0.tgz",
          "integrity": "sha1-nV91w6X4q9YR900/WEew1DOLiFw=",
          "dev": true,
          "requires": {
            "commander": "2",
            "iconv-lite": "0.4",
            "rw": "1"
          }
        },
        "d3-ease": {
          "version": "1.0.7",
          "resolved": "https://registry.nlark.com/d3-ease/download/d3-ease-1.0.7.tgz",
          "integrity": "sha1-moNIkO+LiujFWLL+Vb1X9Zk7heI=",
          "dev": true
        },
        "d3-fetch": {
          "version": "1.2.0",
          "resolved": "https://registry.nlark.com/d3-fetch/download/d3-fetch-1.2.0.tgz",
          "integrity": "sha1-Fc4uz8QbCSsdtQq9LFUsIxbPf8c=",
          "dev": true,
          "requires": {
            "d3-dsv": "1"
          }
        },
        "d3-force": {
          "version": "1.2.1",
          "resolved": "https://registry.nlark.com/d3-force/download/d3-force-1.2.1.tgz",
          "integrity": "sha1-/Sml0f8YHJ5/BmnkvXK9sOkU7As=",
          "dev": true,
          "requires": {
            "d3-collection": "1",
            "d3-dispatch": "1",
            "d3-quadtree": "1",
            "d3-timer": "1"
          }
        },
        "d3-format": {
          "version": "1.4.5",
          "resolved": "https://registry.npmmirror.com/d3-format/download/d3-format-1.4.5.tgz",
          "integrity": "sha1-N08roTIONxfrdKk1bGfa7hen7bQ=",
          "dev": true
        },
        "d3-geo": {
          "version": "1.12.1",
          "resolved": "https://registry.nlark.com/d3-geo/download/d3-geo-1.12.1.tgz",
          "integrity": "sha1-f8KrdBS3Lln7y9YD6A2a3AKbA18=",
          "dev": true,
          "requires": {
            "d3-array": "1"
          }
        },
        "d3-hierarchy": {
          "version": "1.1.9",
          "resolved": "https://registry.npmmirror.com/d3-hierarchy/download/d3-hierarchy-1.1.9.tgz",
          "integrity": "sha1-L2vuJMqupD+Nw3VF+gFihVlkeoM=",
          "dev": true
        },
        "d3-interpolate": {
          "version": "1.4.0",
          "resolved": "https://registry.nlark.com/d3-interpolate/download/d3-interpolate-1.4.0.tgz?cache=0&sync_timestamp=1622918433472&other_urls=https%3A%2F%2Fregistry.nlark.com%2Fd3-interpolate%2Fdownload%2Fd3-interpolate-1.4.0.tgz",
          "integrity": "sha1-Um554tgNqjg/ngwcHH3MDwWD6Yc=",
          "dev": true,
          "requires": {
            "d3-color": "1"
          }
        },
        "d3-path": {
          "version": "1.0.9",
          "resolved": "https://registry.nlark.com/d3-path/download/d3-path-1.0.9.tgz?cache=0&sync_timestamp=1622917793236&other_urls=https%3A%2F%2Fregistry.nlark.com%2Fd3-path%2Fdownload%2Fd3-path-1.0.9.tgz",
          "integrity": "sha1-SMBQux/owmJJOoyvVSTj6VkXAc8=",
          "dev": true
        },
        "d3-polygon": {
          "version": "1.0.6",
          "resolved": "https://registry.nlark.com/d3-polygon/download/d3-polygon-1.0.6.tgz",
          "integrity": "sha1-C/jLgYCm3BB/UY3feXXhKrv7044=",
          "dev": true
        },
        "d3-quadtree": {
          "version": "1.0.7",
          "resolved": "https://registry.nlark.com/d3-quadtree/download/d3-quadtree-1.0.7.tgz",
          "integrity": "sha1-youE33u1N2P+PC8kvUNRN/TlMTU=",
          "dev": true
        },
        "d3-random": {
          "version": "1.1.2",
          "resolved": "https://registry.nlark.com/d3-random/download/d3-random-1.1.2.tgz",
          "integrity": "sha1-KDO+fBJDYL+eLT/U8zhHz+bKspE=",
          "dev": true
        },
        "d3-scale": {
          "version": "2.2.2",
          "resolved": "https://registry.npmmirror.com/d3-scale/download/d3-scale-2.2.2.tgz",
          "integrity": "sha1-TogOCydFrKrd0+3iap6Qip4XuB8=",
          "dev": true,
          "requires": {
            "d3-array": "^1.2.0",
            "d3-collection": "1",
            "d3-format": "1",
            "d3-interpolate": "1",
            "d3-time": "1",
            "d3-time-format": "2"
          }
        },
        "d3-scale-chromatic": {
          "version": "1.5.0",
          "resolved": "https://registry.nlark.com/d3-scale-chromatic/download/d3-scale-chromatic-1.5.0.tgz",
          "integrity": "sha1-VOMz/HghL0ObFGQftVgB3YETWpg=",
          "dev": true,
          "requires": {
            "d3-color": "1",
            "d3-interpolate": "1"
          }
        },
        "d3-selection": {
          "version": "1.4.2",
          "resolved": "https://registry.nlark.com/d3-selection/download/d3-selection-1.4.2.tgz",
          "integrity": "sha1-3KpJUiwNvzLWwYWK/Ca2CUVVvFw=",
          "dev": true
        },
        "d3-shape": {
          "version": "1.3.7",
          "resolved": "https://registry.npmmirror.com/d3-shape/download/d3-shape-1.3.7.tgz",
          "integrity": "sha1-32OAG+B7yYa8VPY3ibT+UCmStdc=",
          "dev": true,
          "requires": {
            "d3-path": "1"
          }
        },
        "d3-time": {
          "version": "1.1.0",
          "resolved": "https://registry.nlark.com/d3-time/download/d3-time-1.1.0.tgz",
          "integrity": "sha1-seGdMH2unJALflsl/8XcwkmooPE=",
          "dev": true
        },
        "d3-time-format": {
          "version": "2.3.0",
          "resolved": "https://registry.npmmirror.com/d3-time-format/download/d3-time-format-2.3.0.tgz",
          "integrity": "sha1-EHvcAoZneIqJJLoED68fvM1aeFA=",
          "dev": true,
          "requires": {
            "d3-time": "1"
          }
        },
        "d3-timer": {
          "version": "1.0.10",
          "resolved": "https://registry.nlark.com/d3-timer/download/d3-timer-1.0.10.tgz",
          "integrity": "sha1-3+dripF0iDGxO22ceT/71QjdneU=",
          "dev": true
        },
        "d3-transition": {
          "version": "1.3.2",
          "resolved": "https://registry.nlark.com/d3-transition/download/d3-transition-1.3.2.tgz",
          "integrity": "sha1-qY7yFRvo2GAFQ0NMHKgBQK4js5g=",
          "dev": true,
          "requires": {
            "d3-color": "1",
            "d3-dispatch": "1",
            "d3-ease": "1",
            "d3-interpolate": "1",
            "d3-selection": "^1.1.0",
            "d3-timer": "1"
          }
        },
        "d3-zoom": {
          "version": "1.8.3",
          "resolved": "https://registry.nlark.com/d3-zoom/download/d3-zoom-1.8.3.tgz",
          "integrity": "sha1-tqPb5zjHdjEhzQW4p3lf/hf0/Ao=",
          "dev": true,
          "requires": {
            "d3-dispatch": "1",
            "d3-drag": "1",
            "d3-interpolate": "1",
            "d3-selection": "1",
            "d3-transition": "1"
          }
        }
      }
    },
    "delaunator": {
      "version": "5.0.0",
      "resolved": "https://registry.npmmirror.com/delaunator/download/delaunator-5.0.0.tgz",
      "integrity": "sha512-AyLvtyJdbv/U1GkiS6gUUzclRoAY4Gs75qkMygJJhU75LW4DNuSF2RMzpxs9jw9Oz1BobHjTdkG3zdP55VxAqw==",
      "dev": true,
      "requires": {
        "robust-predicates": "^3.0.0"
      }
    },
    "dompurify": {
      "version": "2.3.4",
      "resolved": "https://registry.npmmirror.com/dompurify/download/dompurify-2.3.4.tgz",
      "integrity": "sha512-6BVcgOAVFXjI0JTjEvZy901Rghm+7fDQOrNIcxB4+gdhj6Kwp6T9VBhBY/AbagKHJocRkDYGd6wvI+p4/10xtQ==",
      "dev": true
    },
    "graphlib": {
      "version": "2.1.8",
      "resolved": "https://registry.nlark.com/graphlib/download/graphlib-2.1.8.tgz",
      "integrity": "sha1-V2HUFHN4cAhMkux7XbywWSydNdo=",
      "dev": true,
      "requires": {
        "lodash": "^4.17.15"
      }
    },
    "iconv-lite": {
      "version": "0.4.24",
      "resolved": "https://registry.npmjs.org/iconv-lite/-/iconv-lite-0.4.24.tgz",
      "integrity": "sha512-v3MXnZAcvnywkTUEZomIActle7RXXeedOR31wwl7VlyoXO4Qi9arvSenNQWne1TcRwhCL1HwLI21bEqdpj8/rA==",
      "dev": true,
      "requires": {
        "safer-buffer": ">= 2.1.2 < 3"
      }
    },
    "internmap": {
      "version": "2.0.3",
      "resolved": "https://registry.nlark.com/internmap/download/internmap-2.0.3.tgz?cache=0&sync_timestamp=1632107515842&other_urls=https%3A%2F%2Fregistry.nlark.com%2Finternmap%2Fdownload%2Finternmap-2.0.3.tgz",
      "integrity": "sha1-ZoXyN1XkPFJOJR0py8lySOMGEAk=",
      "dev": true
    },
    "khroma": {
      "version": "1.4.1",
      "resolved": "https://registry.nlark.com/khroma/download/khroma-1.4.1.tgz",
      "integrity": "sha1-rWpbapcr78URLOUSmIehqDrywAM=",
      "dev": true
    },
    "lodash": {
      "version": "4.17.20",
      "resolved": "https://registry.npmjs.org/lodash/-/lodash-4.17.20.tgz",
      "integrity": "sha512-PlhdFcillOINfeV7Ni6oF1TAEayyZBoZ8bcshTHqOYJYlrqzRK5hagpagky5o4HfCzzd1TRkXPMFq6cKk9rGmA==",
      "dev": true
    },
    "mermaid": {
      "version": "8.13.8",
      "resolved": "https://registry.npmmirror.com/mermaid/download/mermaid-8.13.8.tgz",
      "integrity": "sha512-Z5v31rvo8P7BPTiGicdJl9BbzyUe9s5sXILK8sM1g7ijkagpfFjPtXZVsq5P1WlN8m/fUp2PPNXVF9SqeTM91w==",
      "dev": true,
      "requires": {
        "@braintree/sanitize-url": "^3.1.0",
        "d3": "^7.0.0",
        "dagre": "^0.8.5",
        "dagre-d3": "^0.6.4",
        "dompurify": "2.3.4",
        "graphlib": "^2.1.8",
        "khroma": "^1.4.1",
        "moment-mini": "^2.24.0",
        "stylis": "^4.0.10"
      }
    },
    "moment-mini": {
      "version": "2.24.0",
      "resolved": "https://registry.npm.taobao.org/moment-mini/download/moment-mini-2.24.0.tgz",
      "integrity": "sha1-+mjZj3/pOuZb8SYvartftpg9jRg=",
      "dev": true
    },
    "robust-predicates": {
      "version": "3.0.1",
      "resolved": "https://registry.npm.taobao.org/robust-predicates/download/robust-predicates-3.0.1.tgz",
      "integrity": "sha1-7N4HUET38wEYaCvZ+z8SMQlXf5o=",
      "dev": true
    },
    "rw": {
      "version": "1.3.3",
      "resolved": "https://registry.npmmirror.com/rw/download/rw-1.3.3.tgz",
      "integrity": "sha1-P4Yt+pGrdmsUiF700BEkv9oHT7Q=",
      "dev": true
    },
    "safer-buffer": {
      "version": "2.1.2",
      "resolved": "https://registry.npmjs.org/safer-buffer/-/safer-buffer-2.1.2.tgz",
      "integrity": "sha512-YZo3K82SD7Riyi0E1EQPojLz7kpepnSQI9IyPbHHg1XXXevb5dJI7tpyN2ADxGcQbHG7vcyRHk0cbwqcQriUtg==",
      "dev": true
    },
    "stylis": {
      "version": "4.0.13",
      "resolved": "https://registry.npmmirror.com/stylis/download/stylis-4.0.13.tgz",
      "integrity": "sha512-xGPXiFVl4YED9Jh7Euv2V220mriG9u4B2TA6Ybjc1catrstKD2PpIdU3U0RKpkVBC2EhmL/F0sPCr9vrFTNRag==",
      "dev": true
    },
    "vuepress-plugin-mermaidjs": {
      "version": "1.9.0",
      "resolved": "https://registry.npmmirror.com/vuepress-plugin-mermaidjs/download/vuepress-plugin-mermaidjs-1.9.0.tgz",
      "integrity": "sha512-MRNhsU7uCiKQw8+DZJrNcMVzRFm7ClqU3R5EWISs5Vc63kxLLET5WZLkIwEwwbw7nbNR5o4CcSYJnx4a4jf9kw==",
      "dev": true,
      "requires": {
        "@mbalex99/markdown-it-fence": "^1.0.1",
        "mermaid": "^8.13.6"
      }
    }
  }
}
